
Microsoft Visual Studio Solution File, Format Version 12.00
# Visual Studio Version 17
VisualStudioVersion = 17.12.35707.178
MinimumVisualStudioVersion = 10.0.40219.1
Project("{FAE04EC0-301F-11D3-BF4B-00C04F79EFBC}") = "LottaCashMummy", "LottaCashMummy\LottaCashMummy.csproj", "{39500F69-06A3-4B93-A273-ED67C4860D7D}"
EndProject
Project("{FAE04EC0-301F-11D3-BF4B-00C04F79EFBC}") = "ExcelExport", "ExcelExporter\ExcelExport.csproj", "{9DDBC4DB-3FDA-4F60-A9DD-0986515D9745}"
EndProject
Project("{FAE04EC0-301F-11D3-BF4B-00C04F79EFBC}") = "SpinOfFortune", "SpinOfFortune\SpinOfFortune.csproj", "{BC84171A-74F6-4A07-89A5-2CAE3AD5657F}"
EndProject
Project("{FAE04EC0-301F-11D3-BF4B-00C04F79EFBC}") = "Common", "Common\Common.csproj", "{458DA23D-0DC1-4261-A7B6-4F5BAD54203F}"
EndProject
Project("{FAE04EC0-301F-11D3-BF4B-00C04F79EFBC}") = "SpinOfFortune.Tests", "SpinOfFortune.Tests\SpinOfFortune.Tests.csproj", "{404F3187-9B11-4299-9244-BDA45ED62DC0}"
EndProject
Global
	GlobalSection(SolutionConfigurationPlatforms) = preSolution
		Debug|Any CPU = Debug|Any CPU
		Debug|x64 = Debug|x64
		Debug|x86 = Debug|x86
		Release|Any CPU = Release|Any CPU
		Release|x64 = Release|x64
		Release|x86 = Release|x86
	EndGlobalSection
	GlobalSection(ProjectConfigurationPlatforms) = postSolution
		{39500F69-06A3-4B93-A273-ED67C4860D7D}.Debug|Any CPU.ActiveCfg = Debug|Any CPU
		{39500F69-06A3-4B93-A273-ED67C4860D7D}.Debug|Any CPU.Build.0 = Debug|Any CPU
		{39500F69-06A3-4B93-A273-ED67C4860D7D}.Debug|x64.ActiveCfg = Debug|Any CPU
		{39500F69-06A3-4B93-A273-ED67C4860D7D}.Debug|x64.Build.0 = Debug|Any CPU
		{39500F69-06A3-4B93-A273-ED67C4860D7D}.Debug|x86.ActiveCfg = Debug|Any CPU
		{39500F69-06A3-4B93-A273-ED67C4860D7D}.Debug|x86.Build.0 = Debug|Any CPU
		{39500F69-06A3-4B93-A273-ED67C4860D7D}.Release|Any CPU.ActiveCfg = Release|Any CPU
		{39500F69-06A3-4B93-A273-ED67C4860D7D}.Release|Any CPU.Build.0 = Release|Any CPU
		{39500F69-06A3-4B93-A273-ED67C4860D7D}.Release|x64.ActiveCfg = Release|Any CPU
		{39500F69-06A3-4B93-A273-ED67C4860D7D}.Release|x64.Build.0 = Release|Any CPU
		{39500F69-06A3-4B93-A273-ED67C4860D7D}.Release|x86.ActiveCfg = Release|Any CPU
		{39500F69-06A3-4B93-A273-ED67C4860D7D}.Release|x86.Build.0 = Release|Any CPU
		{9DDBC4DB-3FDA-4F60-A9DD-0986515D9745}.Debug|Any CPU.ActiveCfg = Debug|Any CPU
		{9DDBC4DB-3FDA-4F60-A9DD-0986515D9745}.Debug|Any CPU.Build.0 = Debug|Any CPU
		{9DDBC4DB-3FDA-4F60-A9DD-0986515D9745}.Debug|x64.ActiveCfg = Debug|Any CPU
		{9DDBC4DB-3FDA-4F60-A9DD-0986515D9745}.Debug|x64.Build.0 = Debug|Any CPU
		{9DDBC4DB-3FDA-4F60-A9DD-0986515D9745}.Debug|x86.ActiveCfg = Debug|Any CPU
		{9DDBC4DB-3FDA-4F60-A9DD-0986515D9745}.Debug|x86.Build.0 = Debug|Any CPU
		{9DDBC4DB-3FDA-4F60-A9DD-0986515D9745}.Release|Any CPU.ActiveCfg = Release|Any CPU
		{9DDBC4DB-3FDA-4F60-A9DD-0986515D9745}.Release|Any CPU.Build.0 = Release|Any CPU
		{9DDBC4DB-3FDA-4F60-A9DD-0986515D9745}.Release|x64.ActiveCfg = Release|Any CPU
		{9DDBC4DB-3FDA-4F60-A9DD-0986515D9745}.Release|x64.Build.0 = Release|Any CPU
		{9DDBC4DB-3FDA-4F60-A9DD-0986515D9745}.Release|x86.ActiveCfg = Release|Any CPU
		{9DDBC4DB-3FDA-4F60-A9DD-0986515D9745}.Release|x86.Build.0 = Release|Any CPU
		{BC84171A-74F6-4A07-89A5-2CAE3AD5657F}.Debug|Any CPU.ActiveCfg = Debug|Any CPU
		{BC84171A-74F6-4A07-89A5-2CAE3AD5657F}.Debug|Any CPU.Build.0 = Debug|Any CPU
		{BC84171A-74F6-4A07-89A5-2CAE3AD5657F}.Debug|x64.ActiveCfg = Debug|Any CPU
		{BC84171A-74F6-4A07-89A5-2CAE3AD5657F}.Debug|x64.Build.0 = Debug|Any CPU
		{BC84171A-74F6-4A07-89A5-2CAE3AD5657F}.Debug|x86.ActiveCfg = Debug|Any CPU
		{BC84171A-74F6-4A07-89A5-2CAE3AD5657F}.Debug|x86.Build.0 = Debug|Any CPU
		{BC84171A-74F6-4A07-89A5-2CAE3AD5657F}.Release|Any CPU.ActiveCfg = Release|Any CPU
		{BC84171A-74F6-4A07-89A5-2CAE3AD5657F}.Release|Any CPU.Build.0 = Release|Any CPU
		{BC84171A-74F6-4A07-89A5-2CAE3AD5657F}.Release|x64.ActiveCfg = Release|Any CPU
		{BC84171A-74F6-4A07-89A5-2CAE3AD5657F}.Release|x64.Build.0 = Release|Any CPU
		{BC84171A-74F6-4A07-89A5-2CAE3AD5657F}.Release|x86.ActiveCfg = Release|Any CPU
		{BC84171A-74F6-4A07-89A5-2CAE3AD5657F}.Release|x86.Build.0 = Release|Any CPU
		{458DA23D-0DC1-4261-A7B6-4F5BAD54203F}.Debug|Any CPU.ActiveCfg = Debug|Any CPU
		{458DA23D-0DC1-4261-A7B6-4F5BAD54203F}.Debug|Any CPU.Build.0 = Debug|Any CPU
		{458DA23D-0DC1-4261-A7B6-4F5BAD54203F}.Debug|x64.ActiveCfg = Debug|Any CPU
		{458DA23D-0DC1-4261-A7B6-4F5BAD54203F}.Debug|x64.Build.0 = Debug|Any CPU
		{458DA23D-0DC1-4261-A7B6-4F5BAD54203F}.Debug|x86.ActiveCfg = Debug|Any CPU
		{458DA23D-0DC1-4261-A7B6-4F5BAD54203F}.Debug|x86.Build.0 = Debug|Any CPU
		{458DA23D-0DC1-4261-A7B6-4F5BAD54203F}.Release|Any CPU.ActiveCfg = Release|Any CPU
		{458DA23D-0DC1-4261-A7B6-4F5BAD54203F}.Release|Any CPU.Build.0 = Release|Any CPU
		{458DA23D-0DC1-4261-A7B6-4F5BAD54203F}.Release|x64.ActiveCfg = Release|Any CPU
		{458DA23D-0DC1-4261-A7B6-4F5BAD54203F}.Release|x64.Build.0 = Release|Any CPU
		{458DA23D-0DC1-4261-A7B6-4F5BAD54203F}.Release|x86.ActiveCfg = Release|Any CPU
		{458DA23D-0DC1-4261-A7B6-4F5BAD54203F}.Release|x86.Build.0 = Release|Any CPU
		{404F3187-9B11-4299-9244-BDA45ED62DC0}.Debug|Any CPU.ActiveCfg = Debug|Any CPU
		{404F3187-9B11-4299-9244-BDA45ED62DC0}.Debug|Any CPU.Build.0 = Debug|Any CPU
		{404F3187-9B11-4299-9244-BDA45ED62DC0}.Debug|x64.ActiveCfg = Debug|Any CPU
		{404F3187-9B11-4299-9244-BDA45ED62DC0}.Debug|x64.Build.0 = Debug|Any CPU
		{404F3187-9B11-4299-9244-BDA45ED62DC0}.Debug|x86.ActiveCfg = Debug|Any CPU
		{404F3187-9B11-4299-9244-BDA45ED62DC0}.Debug|x86.Build.0 = Debug|Any CPU
		{404F3187-9B11-4299-9244-BDA45ED62DC0}.Release|Any CPU.ActiveCfg = Release|Any CPU
		{404F3187-9B11-4299-9244-BDA45ED62DC0}.Release|Any CPU.Build.0 = Release|Any CPU
		{404F3187-9B11-4299-9244-BDA45ED62DC0}.Release|x64.ActiveCfg = Release|Any CPU
		{404F3187-9B11-4299-9244-BDA45ED62DC0}.Release|x64.Build.0 = Release|Any CPU
		{404F3187-9B11-4299-9244-BDA45ED62DC0}.Release|x86.ActiveCfg = Release|Any CPU
		{404F3187-9B11-4299-9244-BDA45ED62DC0}.Release|x86.Build.0 = Release|Any CPU
	EndGlobalSection
	GlobalSection(SolutionProperties) = preSolution
		HideSolutionNode = FALSE
	EndGlobalSection
	GlobalSection(ExtensibilityGlobals) = postSolution
		SolutionGuid = {C92EDCA1-E200-426F-BF08-6573B017E7CC}
	EndGlobalSection
EndGlobal
